PODS:
  - Flutter (1.0.0)
  - Volumedeck (0.0.1)
  - volumedeck_flutter (0.0.1):
    - Flutter
    - Volumedeck

DEPENDENCIES:
  - Flutter (from `Flutter`)
  - Volumedeck (from `../../../volumedeck_sdk_ios`)
  - volumedeck_flutter (from `.symlinks/plugins/volumedeck_flutter/ios`)

EXTERNAL SOURCES:
  Flutter:
    :path: Flutter
  Volumedeck:
    :path: "../../../volumedeck_sdk_ios"
  volumedeck_flutter:
    :path: ".symlinks/plugins/volumedeck_flutter/ios"

SPEC CHECKSUMS:
  Flutter: f04841e97a9d0b0a8025694d0796dd46242b2854
  Volumedeck: 2f873353dec2de2367cb9171cad05851b19c006d
  volumedeck_flutter: e4ac24bb73eee8d71551e5030715887bf777eb2a

PODFILE CHECKSUM: 1f39b50a69d98c16c9636cb494f17c9a05ef1a1a

COCOAPODS: 1.11.3
